
Microsoft Visual Studio Solution File, Format Version 12.00
Project("{FAE04EC0-301F-11D3-BF4B-00C04F79EFBC}") = "App.MasterDataEditor", "App.MasterDataEditor\App.MasterDataEditor.csproj", "{45B06821-4E36-42C7-B206-F768633A3D23}"
EndProject
Global
	GlobalSection(SolutionConfigurationPlatforms) = preSolution
		Debug|Any CPU = Debug|Any CPU
		Release|Any CPU = Release|Any CPU
	EndGlobalSection
	GlobalSection(ProjectConfigurationPlatforms) = postSolution
		{45B06821-4E36-42C7-B206-F768633A3D23}.Debug|Any CPU.ActiveCfg = Debug|Any CPU
		{45B06821-4E36-42C7-B206-F768633A3D23}.Debug|Any CPU.Build.0 = Debug|Any CPU
		{45B06821-4E36-42C7-B206-F768633A3D23}.Release|Any CPU.ActiveCfg = Release|Any CPU
		{45B06821-4E36-42C7-B206-F768633A3D23}.Release|Any CPU.Build.0 = Release|Any CPU
	EndGlobalSection
EndGlobal
